// !$*UTF8*$!
{
	archiveVersion = 1;
	classes = {
	};
	objectVersion = 51;
	objects = {

/* Begin PBXBuildFile section */
		041FC685C87E5A6534F86897 /* Nappa.framework in Embed Frameworks */ = {isa = PBXBuildFile; fileRef = C56F89F5DEE9920910F58D8F /* Nappa.framework */; settings = {ATTRIBUTES = (CodeSignOnCopy, RemoveHeadersOnCopy, ); }; };
		0932A2C2E7792A6B7FA2D0BE /* ResponseTest.swift in Sources */ = {isa = PBXBuildFile; fileRef = 3BE80150A0E60006CC671260 /* ResponseTest.swift */; };
		0AF0A2FBEA3A6DC915B9E70B /* Nappa.framework in Embed Frameworks */ = {isa = PBXBuildFile; fileRef = 61EE4AC4BFACB9B60D7855A7 /* Nappa.framework */; settings = {ATTRIBUTES = (CodeSignOnCopy, RemoveHeadersOnCopy, ); }; };
		16105DEF5DA081CE842C3A4A /* HTTPResponse.swift in Sources */ = {isa = PBXBuildFile; fileRef = A7BDC026B3B0B5F1DDFAAF0A /* HTTPResponse.swift */; };
		1ADCC68ACF27DC629A62DDE4 /* HTTPServiceErrors.swift in Sources */ = {isa = PBXBuildFile; fileRef = CD58BE393C60F7084BE5649F /* HTTPServiceErrors.swift */; };
		1C780487EFA558D1E8CF169D /* ResultExtension.swift in Sources */ = {isa = PBXBuildFile; fileRef = 59FE0E4C7A24A4667EE82579 /* ResultExtension.swift */; };
		1D9E70BC5D5C3848DBDE5C0B /* ResultExtension.swift in Sources */ = {isa = PBXBuildFile; fileRef = 59FE0E4C7A24A4667EE82579 /* ResultExtension.swift */; };
		20B18B82B046B04552FC4852 /* ResponseTest.swift in Sources */ = {isa = PBXBuildFile; fileRef = 3BE80150A0E60006CC671260 /* ResponseTest.swift */; };
		23937E9C467607CB8377B799 /* HTTPRequestAdapter.swift in Sources */ = {isa = PBXBuildFile; fileRef = 625BBCFA791BFA9E63E48A80 /* HTTPRequestAdapter.swift */; };
		2AF13FE141D19DD89AA801E1 /* Nappa.framework in Frameworks */ = {isa = PBXBuildFile; fileRef = 51F0A24C44CFBA64323E7D92 /* Nappa.framework */; };
		2ED65BD857F9718E3ADC1243 /* HTTPService.swift in Sources */ = {isa = PBXBuildFile; fileRef = 19A7FC34F14CA76F926F062F /* HTTPService.swift */; };
		2EDC1CD5ECBEC95F911B11BE /* NappaSpec.swift in Sources */ = {isa = PBXBuildFile; fileRef = 2939E55C881679C5D8E82835 /* NappaSpec.swift */; };
		317B938717064BC00987EBBB /* DispatchQueueExtension.swift in Sources */ = {isa = PBXBuildFile; fileRef = 9DB59B4305D48B6B19C2EB02 /* DispatchQueueExtension.swift */; };
		349CA0ED6320F58681C94ED1 /* AnyEncodable.swift in Sources */ = {isa = PBXBuildFile; fileRef = 75A757757A864B0EDD7D6AB8 /* AnyEncodable.swift */; };
		3FAE5BD6BBE797EA5C8C4EDF /* DispatchQueueExtension.swift in Sources */ = {isa = PBXBuildFile; fileRef = 9DB59B4305D48B6B19C2EB02 /* DispatchQueueExtension.swift */; };
		42F91DE9ED7EED7927CF0712 /* URLRequestExtension.swift in Sources */ = {isa = PBXBuildFile; fileRef = 8E38061C147EC326339DFAC2 /* URLRequestExtension.swift */; };
		46D531B70AACAC8025A57002 /* Nimble in Frameworks */ = {isa = PBXBuildFile; productRef = 0ADCA31DB607894F3407C4FF /* Nimble */; };
		46FF7A0F86652E92F95ADAD5 /* ErrorsTest.swift in Sources */ = {isa = PBXBuildFile; fileRef = E2CA116985614A8A12FED362 /* ErrorsTest.swift */; };
		473028B005E37446C648F99D /* Nappa.framework in Embed Frameworks */ = {isa = PBXBuildFile; fileRef = 51F0A24C44CFBA64323E7D92 /* Nappa.framework */; settings = {ATTRIBUTES = (CodeSignOnCopy, RemoveHeadersOnCopy, ); }; };
		4A3026E42999162B90385ECF /* AnyEncodable.swift in Sources */ = {isa = PBXBuildFile; fileRef = 75A757757A864B0EDD7D6AB8 /* AnyEncodable.swift */; };
		50A1F020F850D81D6974158D /* HTTPRequestAdapter.swift in Sources */ = {isa = PBXBuildFile; fileRef = 625BBCFA791BFA9E63E48A80 /* HTTPRequestAdapter.swift */; };
		51DC484D787CCF00BF585C1F /* NappaSpec.swift in Sources */ = {isa = PBXBuildFile; fileRef = 2939E55C881679C5D8E82835 /* NappaSpec.swift */; };
		534FCA57A0A833040A156F05 /* HTTPRequestAdapter.swift in Sources */ = {isa = PBXBuildFile; fileRef = 625BBCFA791BFA9E63E48A80 /* HTTPRequestAdapter.swift */; };
		55C8C1B3A6A3EA1BD12CA663 /* Nappa.framework in Frameworks */ = {isa = PBXBuildFile; fileRef = 61EE4AC4BFACB9B60D7855A7 /* Nappa.framework */; };
		6361CD90DF40A4EC33D9A31E /* Quick in Frameworks */ = {isa = PBXBuildFile; productRef = 4C1CD2FABF7D7F9B100E93F7 /* Quick */; };
		7655866ED2A23C7AF5038B4F /* ErrorsTest.swift in Sources */ = {isa = PBXBuildFile; fileRef = E2CA116985614A8A12FED362 /* ErrorsTest.swift */; };
		79E5AEC68677C1C1DFF919D7 /* HTTPResponse.swift in Sources */ = {isa = PBXBuildFile; fileRef = A7BDC026B3B0B5F1DDFAAF0A /* HTTPResponse.swift */; };
		7E37B0CDB8F7A63D14F70C07 /* ResultExtension.swift in Sources */ = {isa = PBXBuildFile; fileRef = 59FE0E4C7A24A4667EE82579 /* ResultExtension.swift */; };
		821E622D793F403F7FAB48FD /* NappaSpec.swift in Sources */ = {isa = PBXBuildFile; fileRef = 2939E55C881679C5D8E82835 /* NappaSpec.swift */; };
		890A7FD3B82B7327C771D63F /* HTTPRequestAdapter.swift in Sources */ = {isa = PBXBuildFile; fileRef = 625BBCFA791BFA9E63E48A80 /* HTTPRequestAdapter.swift */; };
		8B8AAF3BA8279356302B30F2 /* HTTPService.swift in Sources */ = {isa = PBXBuildFile; fileRef = 19A7FC34F14CA76F926F062F /* HTTPService.swift */; };
		8BDE6602355847F16937E56F /* ErrorsTest.swift in Sources */ = {isa = PBXBuildFile; fileRef = E2CA116985614A8A12FED362 /* ErrorsTest.swift */; };
		8DB2F22C135963453E297DE1 /* ResponseTest.swift in Sources */ = {isa = PBXBuildFile; fileRef = 3BE80150A0E60006CC671260 /* ResponseTest.swift */; };
		8DF5D0B0230130BFFF3844E7 /* HTTPResponse.swift in Sources */ = {isa = PBXBuildFile; fileRef = A7BDC026B3B0B5F1DDFAAF0A /* HTTPResponse.swift */; };
		91FF6806B2965EFB263DE707 /* DispatchQueueExtension.swift in Sources */ = {isa = PBXBuildFile; fileRef = 9DB59B4305D48B6B19C2EB02 /* DispatchQueueExtension.swift */; };
		92BD2B2B733CB56C111E8230 /* ResponseTest.swift in Sources */ = {isa = PBXBuildFile; fileRef = 3BE80150A0E60006CC671260 /* ResponseTest.swift */; };
		9C0263394546405430A114E8 /* AnyEncodable.swift in Sources */ = {isa = PBXBuildFile; fileRef = 75A757757A864B0EDD7D6AB8 /* AnyEncodable.swift */; };
		9CD7F496ADCE574B6B1CE255 /* HTTPServiceErrors.swift in Sources */ = {isa = PBXBuildFile; fileRef = CD58BE393C60F7084BE5649F /* HTTPServiceErrors.swift */; };
		A1D64BDB19C2A02D96441162 /* HTTPServiceErrors.swift in Sources */ = {isa = PBXBuildFile; fileRef = CD58BE393C60F7084BE5649F /* HTTPServiceErrors.swift */; };
		A4E8DA4EA97DFCBD8AB53715 /* URLRequestExtension.swift in Sources */ = {isa = PBXBuildFile; fileRef = 8E38061C147EC326339DFAC2 /* URLRequestExtension.swift */; };
		A50BDD94A8B6588CCC0182EA /* Nappa.framework in Embed Frameworks */ = {isa = PBXBuildFile; fileRef = 9CF488058576B96E677E6775 /* Nappa.framework */; settings = {ATTRIBUTES = (CodeSignOnCopy, RemoveHeadersOnCopy, ); }; };
		A5D827340F59E39CD8624F18 /* Nimble in Frameworks */ = {isa = PBXBuildFile; productRef = E193290FA89F440B274F68A1 /* Nimble */; };
		A6E2037B2DD765F398008BE1 /* ResultExtension.swift in Sources */ = {isa = PBXBuildFile; fileRef = 59FE0E4C7A24A4667EE82579 /* ResultExtension.swift */; };
		B6A28BF4EF8EC480FC859EF1 /* Nappa.framework in Frameworks */ = {isa = PBXBuildFile; fileRef = C56F89F5DEE9920910F58D8F /* Nappa.framework */; };
		B6D45488BB7F122D16A0AAFB /* HTTPService.swift in Sources */ = {isa = PBXBuildFile; fileRef = 19A7FC34F14CA76F926F062F /* HTTPService.swift */; };
		C1728B24BA9AA5484FEF4DCA /* Quick in Frameworks */ = {isa = PBXBuildFile; productRef = EEDA363528B3BAA5F9321F4A /* Quick */; };
		C54D25882332B916A7B7F5B9 /* AnyEncodable.swift in Sources */ = {isa = PBXBuildFile; fileRef = 75A757757A864B0EDD7D6AB8 /* AnyEncodable.swift */; };
		C9CA8EEECCC178F3D3291A47 /* NappaSpec.swift in Sources */ = {isa = PBXBuildFile; fileRef = 2939E55C881679C5D8E82835 /* NappaSpec.swift */; };
		D010CEC1C37B527822736D1D /* DispatchQueueExtension.swift in Sources */ = {isa = PBXBuildFile; fileRef = 9DB59B4305D48B6B19C2EB02 /* DispatchQueueExtension.swift */; };
		D05E8A4274819F0BB200F5B3 /* HTTPServiceErrors.swift in Sources */ = {isa = PBXBuildFile; fileRef = CD58BE393C60F7084BE5649F /* HTTPServiceErrors.swift */; };
		D75C6513E1C9E4A705938798 /* ErrorsTest.swift in Sources */ = {isa = PBXBuildFile; fileRef = E2CA116985614A8A12FED362 /* ErrorsTest.swift */; };
		D85C5F0089A89690300A074E /* URLRequestExtension.swift in Sources */ = {isa = PBXBuildFile; fileRef = 8E38061C147EC326339DFAC2 /* URLRequestExtension.swift */; };
		DC93492666B420FB66130063 /* Quick in Frameworks */ = {isa = PBXBuildFile; productRef = D9436D08C3522E339BD74B22 /* Quick */; };
		DE99E045EEA371E689A72539 /* Quick in Frameworks */ = {isa = PBXBuildFile; productRef = D81EBFAB23E01443332DA745 /* Quick */; };
		E23F28DE54F47A7D2B06EADE /* HTTPService.swift in Sources */ = {isa = PBXBuildFile; fileRef = 19A7FC34F14CA76F926F062F /* HTTPService.swift */; };
		E531EED4332924E736C5E7B9 /* Nimble in Frameworks */ = {isa = PBXBuildFile; productRef = D5193DAA5BF22342BF7BA3E7 /* Nimble */; };
		EC593D5ECD3E69EC0F9268E4 /* HTTPResponse.swift in Sources */ = {isa = PBXBuildFile; fileRef = A7BDC026B3B0B5F1DDFAAF0A /* HTTPResponse.swift */; };
		F7ECFAC1478420DBF14B021C /* Nappa.framework in Frameworks */ = {isa = PBXBuildFile; fileRef = 9CF488058576B96E677E6775 /* Nappa.framework */; };
		F8454DF88B1D369D3AE42986 /* Nimble in Frameworks */ = {isa = PBXBuildFile; productRef = 22DB9C8A864339AE99D86F40 /* Nimble */; };
		FC3EE42713AF91AF51780E06 /* URLRequestExtension.swift in Sources */ = {isa = PBXBuildFile; fileRef = 8E38061C147EC326339DFAC2 /* URLRequestExtension.swift */; };
/* End PBXBuildFile section */

/* Begin PBXContainerItemProxy section */
		377AD203053D35C8180E4735 /* PBXContainerItemProxy */ = {
			isa = PBXContainerItemProxy;
			containerPortal = 5828CB2C2625D78CC9A20DAC /* Project object */;
			proxyType = 1;
			remoteGlobalIDString = 623F9E06D191D9BE245B7101;
			remoteInfo = Nappa_watchOS;
		};
		83D96F8991635DDEBF773382 /* PBXContainerItemProxy */ = {
			isa = PBXContainerItemProxy;
			containerPortal = 5828CB2C2625D78CC9A20DAC /* Project object */;
			proxyType = 1;
			remoteGlobalIDString = F24C9E991D28CCDD5E8ED915;
			remoteInfo = Nappa_iOS;
		};
		9747EC38A2112AA6E3F5E2EC /* PBXContainerItemProxy */ = {
			isa = PBXContainerItemProxy;
			containerPortal = 5828CB2C2625D78CC9A20DAC /* Project object */;
			proxyType = 1;
			remoteGlobalIDString = E8ACA95D8DCCF27CB20B55CE;
			remoteInfo = Nappa_tvOS;
		};
		FCBC9096DC47F458B955D20B /* PBXContainerItemProxy */ = {
			isa = PBXContainerItemProxy;
			containerPortal = 5828CB2C2625D78CC9A20DAC /* Project object */;
			proxyType = 1;
			remoteGlobalIDString = EA3C4AF87F2A126F06B91D96;
			remoteInfo = Nappa_macOS;
		};
/* End PBXContainerItemProxy section */

/* Begin PBXCopyFilesBuildPhase section */
		7157D3B10DEDE74BD9FD47AF /* Embed Frameworks */ = {
			isa = PBXCopyFilesBuildPhase;
			buildActionMask = 2147483647;
			dstPath = "";
			dstSubfolderSpec = 10;
			files = (
				041FC685C87E5A6534F86897 /* Nappa.framework in Embed Frameworks */,
			);
			name = "Embed Frameworks";
			runOnlyForDeploymentPostprocessing = 0;
		};
		97AF62ABD38F84A9354710A5 /* Embed Frameworks */ = {
			isa = PBXCopyFilesBuildPhase;
			buildActionMask = 2147483647;
			dstPath = "";
			dstSubfolderSpec = 10;
			files = (
				A50BDD94A8B6588CCC0182EA /* Nappa.framework in Embed Frameworks */,
			);
			name = "Embed Frameworks";
			runOnlyForDeploymentPostprocessing = 0;
		};
		D8BDADD646FA3D134679024B /* Embed Frameworks */ = {
			isa = PBXCopyFilesBuildPhase;
			buildActionMask = 2147483647;
			dstPath = "";
			dstSubfolderSpec = 10;
			files = (
				473028B005E37446C648F99D /* Nappa.framework in Embed Frameworks */,
			);
			name = "Embed Frameworks";
			runOnlyForDeploymentPostprocessing = 0;
		};
		DFDB240172840799FC891B54 /* Embed Frameworks */ = {
			isa = PBXCopyFilesBuildPhase;
			buildActionMask = 2147483647;
			dstPath = "";
			dstSubfolderSpec = 10;
			files = (
				0AF0A2FBEA3A6DC915B9E70B /* Nappa.framework in Embed Frameworks */,
			);
			name = "Embed Frameworks";
			runOnlyForDeploymentPostprocessing = 0;
		};
/* End PBXCopyFilesBuildPhase section */

/* Begin PBXFileReference section */
		19A7FC34F14CA76F926F062F /* HTTPService.swift */ = {isa = PBXFileReference; lastKnownFileType = sourcecode.swift; path = HTTPService.swift; sourceTree = "<group>"; };
		2939E55C881679C5D8E82835 /* NappaSpec.swift */ = {isa = PBXFileReference; lastKnownFileType = sourcecode.swift; path = NappaSpec.swift; sourceTree = "<group>"; };
		3BE80150A0E60006CC671260 /* ResponseTest.swift */ = {isa = PBXFileReference; lastKnownFileType = sourcecode.swift; path = ResponseTest.swift; sourceTree = "<group>"; };
		51F0A24C44CFBA64323E7D92 /* Nappa.framework */ = {isa = PBXFileReference; explicitFileType = wrapper.framework; includeInIndex = 0; path = Nappa.framework; sourceTree = BUILT_PRODUCTS_DIR; };
		59FE0E4C7A24A4667EE82579 /* ResultExtension.swift */ = {isa = PBXFileReference; lastKnownFileType = sourcecode.swift; path = ResultExtension.swift; sourceTree = "<group>"; };
		60D6AEF18B7990C09B398DA0 /* NappaTests.xctest */ = {isa = PBXFileReference; explicitFileType = wrapper.cfbundle; includeInIndex = 0; path = NappaTests.xctest; sourceTree = BUILT_PRODUCTS_DIR; };
		61EE4AC4BFACB9B60D7855A7 /* Nappa.framework */ = {isa = PBXFileReference; explicitFileType = wrapper.framework; includeInIndex = 0; path = Nappa.framework; sourceTree = BUILT_PRODUCTS_DIR; };
		625BBCFA791BFA9E63E48A80 /* HTTPRequestAdapter.swift */ = {isa = PBXFileReference; lastKnownFileType = sourcecode.swift; path = HTTPRequestAdapter.swift; sourceTree = "<group>"; };
		75A757757A864B0EDD7D6AB8 /* AnyEncodable.swift */ = {isa = PBXFileReference; lastKnownFileType = sourcecode.swift; path = AnyEncodable.swift; sourceTree = "<group>"; };
		89262B033D0302C0288F1E8A /* NappaTests.xctest */ = {isa = PBXFileReference; includeInIndex = 0; lastKnownFileType = wrapper.cfbundle; path = NappaTests.xctest; sourceTree = BUILT_PRODUCTS_DIR; };
		8E38061C147EC326339DFAC2 /* URLRequestExtension.swift */ = {isa = PBXFileReference; lastKnownFileType = sourcecode.swift; path = URLRequestExtension.swift; sourceTree = "<group>"; };
		9CF488058576B96E677E6775 /* Nappa.framework */ = {isa = PBXFileReference; explicitFileType = wrapper.framework; includeInIndex = 0; path = Nappa.framework; sourceTree = BUILT_PRODUCTS_DIR; };
		9DB59B4305D48B6B19C2EB02 /* DispatchQueueExtension.swift */ = {isa = PBXFileReference; lastKnownFileType = sourcecode.swift; path = DispatchQueueExtension.swift; sourceTree = "<group>"; };
		A7BDC026B3B0B5F1DDFAAF0A /* HTTPResponse.swift */ = {isa = PBXFileReference; lastKnownFileType = sourcecode.swift; path = HTTPResponse.swift; sourceTree = "<group>"; };
		C13A365C567789EC7A64A779 /* NappaTests_macOS.xctest */ = {isa = PBXFileReference; explicitFileType = wrapper.cfbundle; includeInIndex = 0; path = NappaTests_macOS.xctest; sourceTree = BUILT_PRODUCTS_DIR; };
		C56F89F5DEE9920910F58D8F /* Nappa.framework */ = {isa = PBXFileReference; explicitFileType = wrapper.framework; includeInIndex = 0; path = Nappa.framework; sourceTree = BUILT_PRODUCTS_DIR; };
		CD58BE393C60F7084BE5649F /* HTTPServiceErrors.swift */ = {isa = PBXFileReference; lastKnownFileType = sourcecode.swift; path = HTTPServiceErrors.swift; sourceTree = "<group>"; };
		E2CA116985614A8A12FED362 /* ErrorsTest.swift */ = {isa = PBXFileReference; lastKnownFileType = sourcecode.swift; path = ErrorsTest.swift; sourceTree = "<group>"; };
		E9C27F9C742C6584C8F10BCE /* NappaTests.xctest */ = {isa = PBXFileReference; includeInIndex = 0; lastKnownFileType = wrapper.cfbundle; path = NappaTests.xctest; sourceTree = BUILT_PRODUCTS_DIR; };
/* End PBXFileReference section */

/* Begin PBXFrameworksBuildPhase section */
		421A0E097EB3991322BC69E5 /* Frameworks */ = {
			isa = PBXFrameworksBuildPhase;
			buildActionMask = 2147483647;
			files = (
				F7ECFAC1478420DBF14B021C /* Nappa.framework in Frameworks */,
				6361CD90DF40A4EC33D9A31E /* Quick in Frameworks */,
				E531EED4332924E736C5E7B9 /* Nimble in Frameworks */,
			);
			runOnlyForDeploymentPostprocessing = 0;
		};
		4A79B68CA6B6BAAC72786BBE /* Frameworks */ = {
			isa = PBXFrameworksBuildPhase;
			buildActionMask = 2147483647;
			files = (
				B6A28BF4EF8EC480FC859EF1 /* Nappa.framework in Frameworks */,
				DC93492666B420FB66130063 /* Quick in Frameworks */,
				F8454DF88B1D369D3AE42986 /* Nimble in Frameworks */,
			);
			runOnlyForDeploymentPostprocessing = 0;
		};
		B32BF423BFDDACE60598D7E7 /* Frameworks */ = {
			isa = PBXFrameworksBuildPhase;
			buildActionMask = 2147483647;
			files = (
				2AF13FE141D19DD89AA801E1 /* Nappa.framework in Frameworks */,
				C1728B24BA9AA5484FEF4DCA /* Quick in Frameworks */,
				A5D827340F59E39CD8624F18 /* Nimble in Frameworks */,
			);
			runOnlyForDeploymentPostprocessing = 0;
		};
		BD4A77EB958BDC9A9DB22B62 /* Frameworks */ = {
			isa = PBXFrameworksBuildPhase;
			buildActionMask = 2147483647;
			files = (
				55C8C1B3A6A3EA1BD12CA663 /* Nappa.framework in Frameworks */,
				DE99E045EEA371E689A72539 /* Quick in Frameworks */,
				46D531B70AACAC8025A57002 /* Nimble in Frameworks */,
			);
			runOnlyForDeploymentPostprocessing = 0;
		};
/* End PBXFrameworksBuildPhase section */

/* Begin PBXGroup section */
		24998B993C853413E96F6DEC /* NappaTests */ = {
			isa = PBXGroup;
			children = (
				E2CA116985614A8A12FED362 /* ErrorsTest.swift */,
				2939E55C881679C5D8E82835 /* NappaSpec.swift */,
				3BE80150A0E60006CC671260 /* ResponseTest.swift */,
			);
			name = NappaTests;
			path = Tests/NappaTests;
			sourceTree = "<group>";
		};
		5DEA389D45A083BD89365066 /* Extensions */ = {
			isa = PBXGroup;
			children = (
				59FE0E4C7A24A4667EE82579 /* ResultExtension.swift */,
				8E38061C147EC326339DFAC2 /* URLRequestExtension.swift */,
			);
			path = Extensions;
			sourceTree = "<group>";
		};
		7759FA9006FA4C9CC82CF527 = {
			isa = PBXGroup;
			children = (
				B33B84D548B6EA7B014F1F84 /* Nappa */,
				24998B993C853413E96F6DEC /* NappaTests */,
				E0A26598ADDAE076A38AE048 /* Products */,
			);
			sourceTree = "<group>";
		};
		B33B84D548B6EA7B014F1F84 /* Nappa */ = {
			isa = PBXGroup;
			children = (
				75A757757A864B0EDD7D6AB8 /* AnyEncodable.swift */,
				9DB59B4305D48B6B19C2EB02 /* DispatchQueueExtension.swift */,
				625BBCFA791BFA9E63E48A80 /* HTTPRequestAdapter.swift */,
				A7BDC026B3B0B5F1DDFAAF0A /* HTTPResponse.swift */,
				19A7FC34F14CA76F926F062F /* HTTPService.swift */,
				CD58BE393C60F7084BE5649F /* HTTPServiceErrors.swift */,
				5DEA389D45A083BD89365066 /* Extensions */,
			);
			name = Nappa;
			path = Sources/Nappa;
			sourceTree = "<group>";
		};
		E0A26598ADDAE076A38AE048 /* Products */ = {
			isa = PBXGroup;
			children = (
				9CF488058576B96E677E6775 /* Nappa.framework */,
				51F0A24C44CFBA64323E7D92 /* Nappa.framework */,
				C56F89F5DEE9920910F58D8F /* Nappa.framework */,
				61EE4AC4BFACB9B60D7855A7 /* Nappa.framework */,
				C13A365C567789EC7A64A779 /* NappaTests_macOS.xctest */,
				E9C27F9C742C6584C8F10BCE /* NappaTests.xctest */,
				89262B033D0302C0288F1E8A /* NappaTests.xctest */,
				60D6AEF18B7990C09B398DA0 /* NappaTests.xctest */,
			);
			name = Products;
			sourceTree = "<group>";
		};
/* End PBXGroup section */

/* Begin PBXNativeTarget section */
		16935B5F6BAA24C65AFC4FA2 /* NappaTests_macOS */ = {
			isa = PBXNativeTarget;
			buildConfigurationList = 7B9EECCF8D625AD661820F65 /* Build configuration list for PBXNativeTarget "NappaTests_macOS" */;
			buildPhases = (
				4E9D31F63D6C2B12B5BA530A /* Sources */,
				B32BF423BFDDACE60598D7E7 /* Frameworks */,
				D8BDADD646FA3D134679024B /* Embed Frameworks */,
			);
			buildRules = (
			);
			dependencies = (
				4377CF695E71A352BB1626D2 /* PBXTargetDependency */,
				A95A9DA76D6AB52D54E20AA5 /* PBXTargetDependency */,
				97FFF4AF604CA900EBFCAA73 /* PBXTargetDependency */,
			);
			name = NappaTests_macOS;
			packageProductDependencies = (
				EEDA363528B3BAA5F9321F4A /* Quick */,
				E193290FA89F440B274F68A1 /* Nimble */,
			);
			productName = NappaTests_macOS;
			productReference = C13A365C567789EC7A64A779 /* NappaTests_macOS.xctest */;
			productType = "com.apple.product-type.bundle.unit-test";
		};
		4422F9C98D041DC20408B400 /* NappaTests_tvOS */ = {
			isa = PBXNativeTarget;
			buildConfigurationList = D7E03E33ABA316536AC0E6B7 /* Build configuration list for PBXNativeTarget "NappaTests_tvOS" */;
			buildPhases = (
				36774431FDC77228727DBD9A /* Sources */,
				4A79B68CA6B6BAAC72786BBE /* Frameworks */,
				7157D3B10DEDE74BD9FD47AF /* Embed Frameworks */,
			);
			buildRules = (
			);
			dependencies = (
				3A3C049728BE31F198C5D926 /* PBXTargetDependency */,
				1A0DEE74940A028D7300FC52 /* PBXTargetDependency */,
				9BD0BB9EF1EDF874BBFBCEB2 /* PBXTargetDependency */,
			);
			name = NappaTests_tvOS;
			packageProductDependencies = (
				D9436D08C3522E339BD74B22 /* Quick */,
				22DB9C8A864339AE99D86F40 /* Nimble */,
			);
			productName = NappaTests_tvOS;
			productReference = 89262B033D0302C0288F1E8A /* NappaTests.xctest */;
			productType = "com.apple.product-type.bundle.unit-test";
		};
		623F9E06D191D9BE245B7101 /* Nappa_watchOS */ = {
			isa = PBXNativeTarget;
			buildConfigurationList = 0FCED9CF59F3C0C53DAE17BA /* Build configuration list for PBXNativeTarget "Nappa_watchOS" */;
			buildPhases = (
				734E21F96D36E0C466271980 /* Sources */,
			);
			buildRules = (
			);
			dependencies = (
			);
			name = Nappa_watchOS;
			productName = Nappa_watchOS;
			productReference = 61EE4AC4BFACB9B60D7855A7 /* Nappa.framework */;
			productType = "com.apple.product-type.framework";
		};
		923C9F3F255D4285A9FB8C89 /* NappaTests_watchOS */ = {
			isa = PBXNativeTarget;
			buildConfigurationList = D9B659580EDCEC1C01F84B38 /* Build configuration list for PBXNativeTarget "NappaTests_watchOS" */;
			buildPhases = (
				9FA76B5553EF314D255DB8BA /* Sources */,
				BD4A77EB958BDC9A9DB22B62 /* Frameworks */,
				DFDB240172840799FC891B54 /* Embed Frameworks */,
			);
			buildRules = (
			);
			dependencies = (
				62B4ADC571D01E2A691B654F /* PBXTargetDependency */,
				1DB7F1E59113997381A0F232 /* PBXTargetDependency */,
				8E57E33AB3A44A037B5625E0 /* PBXTargetDependency */,
			);
			name = NappaTests_watchOS;
			packageProductDependencies = (
				D81EBFAB23E01443332DA745 /* Quick */,
				0ADCA31DB607894F3407C4FF /* Nimble */,
			);
			productName = NappaTests_watchOS;
			productReference = 60D6AEF18B7990C09B398DA0 /* NappaTests.xctest */;
			productType = "com.apple.product-type.bundle.unit-test";
		};
		D4626D8FC54E3766161BAEEA /* NappaTests_iOS */ = {
			isa = PBXNativeTarget;
			buildConfigurationList = E890BDDB4C208AAD01987761 /* Build configuration list for PBXNativeTarget "NappaTests_iOS" */;
			buildPhases = (
				722E28C32F0488E1CF51C0F0 /* Sources */,
				421A0E097EB3991322BC69E5 /* Frameworks */,
				97AF62ABD38F84A9354710A5 /* Embed Frameworks */,
			);
			buildRules = (
			);
			dependencies = (
				F362A5D28EC377634FB03A68 /* PBXTargetDependency */,
				10888EDD8251F7A6BBAD552B /* PBXTargetDependency */,
				8E9702ADD9F265A06101416C /* PBXTargetDependency */,
			);
			name = NappaTests_iOS;
			packageProductDependencies = (
				4C1CD2FABF7D7F9B100E93F7 /* Quick */,
				D5193DAA5BF22342BF7BA3E7 /* Nimble */,
			);
			productName = NappaTests_iOS;
			productReference = E9C27F9C742C6584C8F10BCE /* NappaTests.xctest */;
			productType = "com.apple.product-type.bundle.unit-test";
		};
		E8ACA95D8DCCF27CB20B55CE /* Nappa_tvOS */ = {
			isa = PBXNativeTarget;
			buildConfigurationList = 95FE3E42893449F9B3DF035C /* Build configuration list for PBXNativeTarget "Nappa_tvOS" */;
			buildPhases = (
				95ED0EEBC42AC9D4B7AC091A /* Sources */,
			);
			buildRules = (
			);
			dependencies = (
			);
			name = Nappa_tvOS;
			productName = Nappa_tvOS;
			productReference = C56F89F5DEE9920910F58D8F /* Nappa.framework */;
			productType = "com.apple.product-type.framework";
		};
		EA3C4AF87F2A126F06B91D96 /* Nappa_macOS */ = {
			isa = PBXNativeTarget;
			buildConfigurationList = 8E22747E1787328C8BA1E7D8 /* Build configuration list for PBXNativeTarget "Nappa_macOS" */;
			buildPhases = (
				96C62BB506B987299F99A391 /* Sources */,
			);
			buildRules = (
			);
			dependencies = (
			);
			name = Nappa_macOS;
			productName = Nappa_macOS;
			productReference = 51F0A24C44CFBA64323E7D92 /* Nappa.framework */;
			productType = "com.apple.product-type.framework";
		};
		F24C9E991D28CCDD5E8ED915 /* Nappa_iOS */ = {
			isa = PBXNativeTarget;
			buildConfigurationList = 53812B2B72754829FE106D01 /* Build configuration list for PBXNativeTarget "Nappa_iOS" */;
			buildPhases = (
				787CE44AA489FEF44CEFED09 /* Sources */,
			);
			buildRules = (
			);
			dependencies = (
			);
			name = Nappa_iOS;
			productName = Nappa_iOS;
			productReference = 9CF488058576B96E677E6775 /* Nappa.framework */;
			productType = "com.apple.product-type.framework";
		};
/* End PBXNativeTarget section */

/* Begin PBXProject section */
		5828CB2C2625D78CC9A20DAC /* Project object */ = {
			isa = PBXProject;
			attributes = {
				LastUpgradeCheck = 1020;
			};
			buildConfigurationList = 0440FF5A18A7740F028F127F /* Build configuration list for PBXProject "Nappa" */;
			compatibilityVersion = "Xcode 10.0";
			developmentRegion = en;
			hasScannedForEncodings = 0;
			knownRegions = (
				Base,
				en,
			);
			mainGroup = 7759FA9006FA4C9CC82CF527;
			packageReferences = (
				B63379E27D57BE7244EC3E56 /* XCRemoteSwiftPackageReference "Nimble" */,
				CA62BE575BA8756CDE0E65E1 /* XCRemoteSwiftPackageReference "Quick" */,
			);
			projectDirPath = "";
			projectRoot = "";
			targets = (
				D4626D8FC54E3766161BAEEA /* NappaTests_iOS */,
				16935B5F6BAA24C65AFC4FA2 /* NappaTests_macOS */,
				4422F9C98D041DC20408B400 /* NappaTests_tvOS */,
				923C9F3F255D4285A9FB8C89 /* NappaTests_watchOS */,
				F24C9E991D28CCDD5E8ED915 /* Nappa_iOS */,
				EA3C4AF87F2A126F06B91D96 /* Nappa_macOS */,
				E8ACA95D8DCCF27CB20B55CE /* Nappa_tvOS */,
				623F9E06D191D9BE245B7101 /* Nappa_watchOS */,
			);
		};
/* End PBXProject section */

/* Begin PBXSourcesBuildPhase section */
		36774431FDC77228727DBD9A /* Sources */ = {
			isa = PBXSourcesBuildPhase;
			buildActionMask = 2147483647;
			files = (
				8BDE6602355847F16937E56F /* ErrorsTest.swift in Sources */,
				C9CA8EEECCC178F3D3291A47 /* NappaSpec.swift in Sources */,
				92BD2B2B733CB56C111E8230 /* ResponseTest.swift in Sources */,
			);
			runOnlyForDeploymentPostprocessing = 0;
		};
		4E9D31F63D6C2B12B5BA530A /* Sources */ = {
			isa = PBXSourcesBuildPhase;
			buildActionMask = 2147483647;
			files = (
				7655866ED2A23C7AF5038B4F /* ErrorsTest.swift in Sources */,
				2EDC1CD5ECBEC95F911B11BE /* NappaSpec.swift in Sources */,
				8DB2F22C135963453E297DE1 /* ResponseTest.swift in Sources */,
			);
			runOnlyForDeploymentPostprocessing = 0;
		};
		722E28C32F0488E1CF51C0F0 /* Sources */ = {
			isa = PBXSourcesBuildPhase;
			buildActionMask = 2147483647;
			files = (
				D75C6513E1C9E4A705938798 /* ErrorsTest.swift in Sources */,
				821E622D793F403F7FAB48FD /* NappaSpec.swift in Sources */,
				0932A2C2E7792A6B7FA2D0BE /* ResponseTest.swift in Sources */,
			);
			runOnlyForDeploymentPostprocessing = 0;
		};
		734E21F96D36E0C466271980 /* Sources */ = {
			isa = PBXSourcesBuildPhase;
			buildActionMask = 2147483647;
			files = (
				4A3026E42999162B90385ECF /* AnyEncodable.swift in Sources */,
				D010CEC1C37B527822736D1D /* DispatchQueueExtension.swift in Sources */,
				50A1F020F850D81D6974158D /* HTTPRequestAdapter.swift in Sources */,
				16105DEF5DA081CE842C3A4A /* HTTPResponse.swift in Sources */,
				8B8AAF3BA8279356302B30F2 /* HTTPService.swift in Sources */,
				D05E8A4274819F0BB200F5B3 /* HTTPServiceErrors.swift in Sources */,
				1D9E70BC5D5C3848DBDE5C0B /* ResultExtension.swift in Sources */,
				FC3EE42713AF91AF51780E06 /* URLRequestExtension.swift in Sources */,
			);
			runOnlyForDeploymentPostprocessing = 0;
		};
		787CE44AA489FEF44CEFED09 /* Sources */ = {
			isa = PBXSourcesBuildPhase;
			buildActionMask = 2147483647;
			files = (
				9C0263394546405430A114E8 /* AnyEncodable.swift in Sources */,
				317B938717064BC00987EBBB /* DispatchQueueExtension.swift in Sources */,
				23937E9C467607CB8377B799 /* HTTPRequestAdapter.swift in Sources */,
				8DF5D0B0230130BFFF3844E7 /* HTTPResponse.swift in Sources */,
				2ED65BD857F9718E3ADC1243 /* HTTPService.swift in Sources */,
				1ADCC68ACF27DC629A62DDE4 /* HTTPServiceErrors.swift in Sources */,
				A6E2037B2DD765F398008BE1 /* ResultExtension.swift in Sources */,
				42F91DE9ED7EED7927CF0712 /* URLRequestExtension.swift in Sources */,
			);
			runOnlyForDeploymentPostprocessing = 0;
		};
		95ED0EEBC42AC9D4B7AC091A /* Sources */ = {
			isa = PBXSourcesBuildPhase;
			buildActionMask = 2147483647;
			files = (
				C54D25882332B916A7B7F5B9 /* AnyEncodable.swift in Sources */,
				3FAE5BD6BBE797EA5C8C4EDF /* DispatchQueueExtension.swift in Sources */,
				534FCA57A0A833040A156F05 /* HTTPRequestAdapter.swift in Sources */,
				EC593D5ECD3E69EC0F9268E4 /* HTTPResponse.swift in Sources */,
				E23F28DE54F47A7D2B06EADE /* HTTPService.swift in Sources */,
				A1D64BDB19C2A02D96441162 /* HTTPServiceErrors.swift in Sources */,
				1C780487EFA558D1E8CF169D /* ResultExtension.swift in Sources */,
				D85C5F0089A89690300A074E /* URLRequestExtension.swift in Sources */,
			);
			runOnlyForDeploymentPostprocessing = 0;
		};
		96C62BB506B987299F99A391 /* Sources */ = {
			isa = PBXSourcesBuildPhase;
			buildActionMask = 2147483647;
			files = (
				349CA0ED6320F58681C94ED1 /* AnyEncodable.swift in Sources */,
				91FF6806B2965EFB263DE707 /* DispatchQueueExtension.swift in Sources */,
				890A7FD3B82B7327C771D63F /* HTTPRequestAdapter.swift in Sources */,
				79E5AEC68677C1C1DFF919D7 /* HTTPResponse.swift in Sources */,
				B6D45488BB7F122D16A0AAFB /* HTTPService.swift in Sources */,
				9CD7F496ADCE574B6B1CE255 /* HTTPServiceErrors.swift in Sources */,
				7E37B0CDB8F7A63D14F70C07 /* ResultExtension.swift in Sources */,
				A4E8DA4EA97DFCBD8AB53715 /* URLRequestExtension.swift in Sources */,
			);
			runOnlyForDeploymentPostprocessing = 0;
		};
		9FA76B5553EF314D255DB8BA /* Sources */ = {
			isa = PBXSourcesBuildPhase;
			buildActionMask = 2147483647;
			files = (
				46FF7A0F86652E92F95ADAD5 /* ErrorsTest.swift in Sources */,
				51DC484D787CCF00BF585C1F /* NappaSpec.swift in Sources */,
				20B18B82B046B04552FC4852 /* ResponseTest.swift in Sources */,
			);
			runOnlyForDeploymentPostprocessing = 0;
		};
/* End PBXSourcesBuildPhase section */

/* Begin PBXTargetDependency section */
		10888EDD8251F7A6BBAD552B /* PBXTargetDependency */ = {
			isa = PBXTargetDependency;
			productRef = 4C1CD2FABF7D7F9B100E93F7 /* Quick */;
		};
		1A0DEE74940A028D7300FC52 /* PBXTargetDependency */ = {
			isa = PBXTargetDependency;
			productRef = D9436D08C3522E339BD74B22 /* Quick */;
		};
		1DB7F1E59113997381A0F232 /* PBXTargetDependency */ = {
			isa = PBXTargetDependency;
			productRef = D81EBFAB23E01443332DA745 /* Quick */;
		};
		3A3C049728BE31F198C5D926 /* PBXTargetDependency */ = {
			isa = PBXTargetDependency;
			target = E8ACA95D8DCCF27CB20B55CE /* Nappa_tvOS */;
			targetProxy = 9747EC38A2112AA6E3F5E2EC /* PBXContainerItemProxy */;
		};
		4377CF695E71A352BB1626D2 /* PBXTargetDependency */ = {
			isa = PBXTargetDependency;
			target = EA3C4AF87F2A126F06B91D96 /* Nappa_macOS */;
			targetProxy = FCBC9096DC47F458B955D20B /* PBXContainerItemProxy */;
		};
		62B4ADC571D01E2A691B654F /* PBXTargetDependency */ = {
			isa = PBXTargetDependency;
			target = 623F9E06D191D9BE245B7101 /* Nappa_watchOS */;
			targetProxy = 377AD203053D35C8180E4735 /* PBXContainerItemProxy */;
		};
		8E57E33AB3A44A037B5625E0 /* PBXTargetDependency */ = {
			isa = PBXTargetDependency;
			productRef = 0ADCA31DB607894F3407C4FF /* Nimble */;
		};
		8E9702ADD9F265A06101416C /* PBXTargetDependency */ = {
			isa = PBXTargetDependency;
			productRef = D5193DAA5BF22342BF7BA3E7 /* Nimble */;
		};
		97FFF4AF604CA900EBFCAA73 /* PBXTargetDependency */ = {
			isa = PBXTargetDependency;
			productRef = E193290FA89F440B274F68A1 /* Nimble */;
		};
		9BD0BB9EF1EDF874BBFBCEB2 /* PBXTargetDependency */ = {
			isa = PBXTargetDependency;
			productRef = 22DB9C8A864339AE99D86F40 /* Nimble */;
		};
		A95A9DA76D6AB52D54E20AA5 /* PBXTargetDependency */ = {
			isa = PBXTargetDependency;
			productRef = EEDA363528B3BAA5F9321F4A /* Quick */;
		};
		F362A5D28EC377634FB03A68 /* PBXTargetDependency */ = {
			isa = PBXTargetDependency;
			target = F24C9E991D28CCDD5E8ED915 /* Nappa_iOS */;
			targetProxy = 83D96F8991635DDEBF773382 /* PBXContainerItemProxy */;
		};
/* End PBXTargetDependency section */

/* Begin XCBuildConfiguration section */
		09D8A0207F484F34D406B437 /* Debug */ = {
			isa = XCBuildConfiguration;
			buildSettings = {
				BUNDLE_LOADER = "$(TEST_HOST)";
				COMBINE_HIDPI_IMAGES = YES;
				LD_RUNPATH_SEARCH_PATHS = "@executable_path/../Frameworks @loader_path/../Frameworks";
				PRODUCT_BUNDLE_IDENTIFIER = "xyz.tavares.NappaTests-macOS";
				SDKROOT = macosx;
			};
			name = Debug;
		};
		34CDCEBF326F7A66241BCF3D /* Release */ = {
			isa = XCBuildConfiguration;
			buildSettings = {
				ALWAYS_EMBED_SWIFT_STANDARD_LIBRARIES = YES;
				CODE_SIGN_IDENTITY = "";
				COMBINE_HIDPI_IMAGES = YES;
				CURRENT_PROJECT_VERSION = 1;
				DEFINES_MODULE = YES;
				DYLIB_COMPATIBILITY_VERSION = 1;
				DYLIB_CURRENT_VERSION = 1;
				DYLIB_INSTALL_NAME_BASE = "@rpath";
				INSTALL_PATH = "$(LOCAL_LIBRARY_DIR)/Frameworks";
				LD_RUNPATH_SEARCH_PATHS = (
					"$(inherited)",
					"@executable_path/../Frameworks",
				);
				MACOSX_DEPLOYMENT_TARGET = 10.13;
				PRODUCT_BUNDLE_IDENTIFIER = "xyz.tavares.Nappa-macOS";
				PRODUCT_NAME = Nappa;
				SDKROOT = macosx;
				SKIP_INSTALL = YES;
				VERSIONING_SYSTEM = "apple-generic";
				WATCHOS_DEPLOYMENT_TARGET = 2.0;
			};
			name = Release;
		};
		37ED912C2FD2090F079F39B3 /* Release */ = {
			isa = XCBuildConfiguration;
			buildSettings = {
				BUNDLE_LOADER = "$(TEST_HOST)";
				LD_RUNPATH_SEARCH_PATHS = (
					"$(inherited)",
					"@executable_path/Frameworks",
					"@loader_path/Frameworks",
				);
				PRODUCT_BUNDLE_IDENTIFIER = "xyz.tavares.NappaTests-iOS";
				PRODUCT_NAME = NappaTests;
				SDKROOT = iphoneos;
				TARGETED_DEVICE_FAMILY = "1,2";
			};
			name = Release;
		};
		3993ACDD8E8AC4F0D53ED242 /* Debug */ = {
			isa = XCBuildConfiguration;
			buildSettings = {
				ALWAYS_SEARCH_USER_PATHS = NO;
				CLANG_ANALYZER_NONNULL = YES;
				CLANG_ANALYZER_NUMBER_OBJECT_CONVERSION = YES_AGGRESSIVE;
				CLANG_CXX_LANGUAGE_STANDARD = "gnu++14";
				CLANG_CXX_LIBRARY = "libc++";
				CLANG_ENABLE_MODULES = YES;
				CLANG_ENABLE_OBJC_ARC = YES;
				CLANG_WARN_BLOCK_CAPTURE_AUTORELEASING = YES;
				CLANG_WARN_BOOL_CONVERSION = YES;
				CLANG_WARN_COMMA = YES;
				CLANG_WARN_CONSTANT_CONVERSION = YES;
				CLANG_WARN_DEPRECATED_OBJC_IMPLEMENTATIONS = YES;
				CLANG_WARN_DIRECT_OBJC_ISA_USAGE = YES_ERROR;
				CLANG_WARN_DOCUMENTATION_COMMENTS = YES;
				CLANG_WARN_EMPTY_BODY = YES;
				CLANG_WARN_ENUM_CONVERSION = YES;
				CLANG_WARN_INFINITE_RECURSION = YES;
				CLANG_WARN_INT_CONVERSION = YES;
				CLANG_WARN_NON_LITERAL_NULL_CONVERSION = YES;
				CLANG_WARN_OBJC_IMPLICIT_RETAIN_SELF = YES;
				CLANG_WARN_OBJC_LITERAL_CONVERSION = YES;
				CLANG_WARN_OBJC_ROOT_CLASS = YES_ERROR;
				CLANG_WARN_RANGE_LOOP_ANALYSIS = YES;
				CLANG_WARN_STRICT_PROTOTYPES = YES;
				CLANG_WARN_SUSPICIOUS_MOVE = YES;
				CLANG_WARN_UNGUARDED_AVAILABILITY = YES_AGGRESSIVE;
				CLANG_WARN_UNREACHABLE_CODE = YES;
				CLANG_WARN__DUPLICATE_METHOD_MATCH = YES;
				COPY_PHASE_STRIP = NO;
				DEBUG_INFORMATION_FORMAT = dwarf;
				ENABLE_STRICT_OBJC_MSGSEND = YES;
				ENABLE_TESTABILITY = YES;
				GCC_C_LANGUAGE_STANDARD = gnu11;
				GCC_DYNAMIC_NO_PIC = NO;
				GCC_NO_COMMON_BLOCKS = YES;
				GCC_OPTIMIZATION_LEVEL = 0;
				GCC_PREPROCESSOR_DEFINITIONS = (
					"$(inherited)",
					"DEBUG=1",
				);
				GCC_WARN_64_TO_32_BIT_CONVERSION = YES;
				GCC_WARN_ABOUT_RETURN_TYPE = YES_ERROR;
				GCC_WARN_UNDECLARED_SELECTOR = YES;
				GCC_WARN_UNINITIALIZED_AUTOS = YES_AGGRESSIVE;
				GCC_WARN_UNUSED_FUNCTION = YES;
				GCC_WARN_UNUSED_VARIABLE = YES;
				MTL_ENABLE_DEBUG_INFO = YES;
				ONLY_ACTIVE_ARCH = YES;
				PRODUCT_NAME = "$(TARGET_NAME)";
				SWIFT_ACTIVE_COMPILATION_CONDITIONS = DEBUG;
				SWIFT_OPTIMIZATION_LEVEL = "-Onone";
				SWIFT_VERSION = 5.0;
			};
			name = Debug;
		};
		3E58606908AA034E30BF2FAA /* Debug */ = {
			isa = XCBuildConfiguration;
			buildSettings = {
				ALWAYS_EMBED_SWIFT_STANDARD_LIBRARIES = YES;
				CODE_SIGN_IDENTITY = "";
				CURRENT_PROJECT_VERSION = 1;
				DEFINES_MODULE = YES;
				DYLIB_COMPATIBILITY_VERSION = 1;
				DYLIB_CURRENT_VERSION = 1;
				DYLIB_INSTALL_NAME_BASE = "@rpath";
				INSTALL_PATH = "$(LOCAL_LIBRARY_DIR)/Frameworks";
				MACOSX_DEPLOYMENT_TARGET = 10.13;
				PRODUCT_BUNDLE_IDENTIFIER = "xyz.tavares.Nappa-watchOS";
				PRODUCT_NAME = Nappa;
				SDKROOT = watchos;
				SKIP_INSTALL = YES;
				TARGETED_DEVICE_FAMILY = 4;
				VERSIONING_SYSTEM = "apple-generic";
				WATCHOS_DEPLOYMENT_TARGET = 2.0;
			};
			name = Debug;
		};
		698BC2592B61D8A1CB66B0DF /* Debug */ = {
			isa = XCBuildConfiguration;
			buildSettings = {
				BUNDLE_LOADER = "$(TEST_HOST)";
				LD_RUNPATH_SEARCH_PATHS = (
					"$(inherited)",
					"@executable_path/Frameworks",
					"@loader_path/Frameworks",
				);
				PRODUCT_BUNDLE_IDENTIFIER = "xyz.tavares.NappaTests-watchOS";
				PRODUCT_NAME = NappaTests;
				SDKROOT = watchos;
				SKIP_INSTALL = YES;
				TARGETED_DEVICE_FAMILY = 4;
			};
			name = Debug;
		};
		6C0DDFE6560B297CE80EE9FC /* Release */ = {
			isa = XCBuildConfiguration;
			buildSettings = {
				BUNDLE_LOADER = "$(TEST_HOST)";
				COMBINE_HIDPI_IMAGES = YES;
				LD_RUNPATH_SEARCH_PATHS = "@executable_path/../Frameworks @loader_path/../Frameworks";
				PRODUCT_BUNDLE_IDENTIFIER = "xyz.tavares.NappaTests-macOS";
				SDKROOT = macosx;
			};
			name = Release;
		};
		735F075180ACFD0FB3D5D646 /* Debug */ = {
			isa = XCBuildConfiguration;
			buildSettings = {
				BUNDLE_LOADER = "$(TEST_HOST)";
				LD_RUNPATH_SEARCH_PATHS = (
					"$(inherited)",
					"@executable_path/Frameworks",
					"@loader_path/Frameworks",
				);
				PRODUCT_BUNDLE_IDENTIFIER = "xyz.tavares.NappaTests-tvOS";
				PRODUCT_NAME = NappaTests;
				SDKROOT = appletvos;
				TARGETED_DEVICE_FAMILY = 3;
			};
			name = Debug;
		};
		7A7190EE85FFAE6FBFE94A38 /* Release */ = {
			isa = XCBuildConfiguration;
			buildSettings = {
				ALWAYS_EMBED_SWIFT_STANDARD_LIBRARIES = YES;
				CODE_SIGN_IDENTITY = "";
				CURRENT_PROJECT_VERSION = 1;
				DEFINES_MODULE = YES;
				DYLIB_COMPATIBILITY_VERSION = 1;
				DYLIB_CURRENT_VERSION = 1;
				DYLIB_INSTALL_NAME_BASE = "@rpath";
				INSTALL_PATH = "$(LOCAL_LIBRARY_DIR)/Frameworks";
				IPHONEOS_DEPLOYMENT_TARGET = 9.0;
				LD_RUNPATH_SEARCH_PATHS = (
					"$(inherited)",
					"@executable_path/Frameworks",
				);
				MACOSX_DEPLOYMENT_TARGET = 10.13;
				PRODUCT_BUNDLE_IDENTIFIER = "xyz.tavares.Nappa-iOS";
				PRODUCT_NAME = Nappa;
				SDKROOT = iphoneos;
				SKIP_INSTALL = YES;
				TARGETED_DEVICE_FAMILY = "1,2";
				VERSIONING_SYSTEM = "apple-generic";
				WATCHOS_DEPLOYMENT_TARGET = 2.0;
			};
			name = Release;
		};
		ADF3A0BE78587844E13369C4 /* Release */ = {
			isa = XCBuildConfiguration;
			buildSettings = {
				BUNDLE_LOADER = "$(TEST_HOST)";
				LD_RUNPATH_SEARCH_PATHS = (
					"$(inherited)",
					"@executable_path/Frameworks",
					"@loader_path/Frameworks",
				);
				PRODUCT_BUNDLE_IDENTIFIER = "xyz.tavares.NappaTests-tvOS";
				PRODUCT_NAME = NappaTests;
				SDKROOT = appletvos;
				TARGETED_DEVICE_FAMILY = 3;
			};
			name = Release;
		};
		AF38A90B8E6D0E92423E7409 /* Debug */ = {
			isa = XCBuildConfiguration;
			buildSettings = {
				ALWAYS_EMBED_SWIFT_STANDARD_LIBRARIES = YES;
				CODE_SIGN_IDENTITY = "";
				CURRENT_PROJECT_VERSION = 1;
				DEFINES_MODULE = YES;
				DYLIB_COMPATIBILITY_VERSION = 1;
				DYLIB_CURRENT_VERSION = 1;
				DYLIB_INSTALL_NAME_BASE = "@rpath";
				INSTALL_PATH = "$(LOCAL_LIBRARY_DIR)/Frameworks";
				IPHONEOS_DEPLOYMENT_TARGET = 9.0;
				LD_RUNPATH_SEARCH_PATHS = (
					"$(inherited)",
					"@executable_path/Frameworks",
				);
				MACOSX_DEPLOYMENT_TARGET = 10.13;
				PRODUCT_BUNDLE_IDENTIFIER = "xyz.tavares.Nappa-iOS";
				PRODUCT_NAME = Nappa;
				SDKROOT = iphoneos;
				SKIP_INSTALL = YES;
				TARGETED_DEVICE_FAMILY = "1,2";
				VERSIONING_SYSTEM = "apple-generic";
				WATCHOS_DEPLOYMENT_TARGET = 2.0;
			};
			name = Debug;
		};
		C89B4DAAF947E4D905070A97 /* Release */ = {
			isa = XCBuildConfiguration;
			buildSettings = {
				ALWAYS_EMBED_SWIFT_STANDARD_LIBRARIES = YES;
				CODE_SIGN_IDENTITY = "";
				CURRENT_PROJECT_VERSION = 1;
				DEFINES_MODULE = YES;
				DYLIB_COMPATIBILITY_VERSION = 1;
				DYLIB_CURRENT_VERSION = 1;
				DYLIB_INSTALL_NAME_BASE = "@rpath";
				INSTALL_PATH = "$(LOCAL_LIBRARY_DIR)/Frameworks";
				MACOSX_DEPLOYMENT_TARGET = 10.13;
				PRODUCT_BUNDLE_IDENTIFIER = "xyz.tavares.Nappa-watchOS";
				PRODUCT_NAME = Nappa;
				SDKROOT = watchos;
				SKIP_INSTALL = YES;
				TARGETED_DEVICE_FAMILY = 4;
				VERSIONING_SYSTEM = "apple-generic";
				WATCHOS_DEPLOYMENT_TARGET = 2.0;
			};
			name = Release;
		};
		CF31355F13D6DBB5A69480E0 /* Release */ = {
			isa = XCBuildConfiguration;
			buildSettings = {
				BUNDLE_LOADER = "$(TEST_HOST)";
				LD_RUNPATH_SEARCH_PATHS = (
					"$(inherited)",
					"@executable_path/Frameworks",
					"@loader_path/Frameworks",
				);
				PRODUCT_BUNDLE_IDENTIFIER = "xyz.tavares.NappaTests-watchOS";
				PRODUCT_NAME = NappaTests;
				SDKROOT = watchos;
				SKIP_INSTALL = YES;
				TARGETED_DEVICE_FAMILY = 4;
			};
			name = Release;
		};
		D36914AE5C4821ED96FEB652 /* Release */ = {
			isa = XCBuildConfiguration;
			buildSettings = {
				ALWAYS_EMBED_SWIFT_STANDARD_LIBRARIES = YES;
				CODE_SIGN_IDENTITY = "";
				CURRENT_PROJECT_VERSION = 1;
				DEFINES_MODULE = YES;
				DYLIB_COMPATIBILITY_VERSION = 1;
				DYLIB_CURRENT_VERSION = 1;
				DYLIB_INSTALL_NAME_BASE = "@rpath";
				INSTALL_PATH = "$(LOCAL_LIBRARY_DIR)/Frameworks";
				LD_RUNPATH_SEARCH_PATHS = (
					"$(inherited)",
					"@executable_path/Frameworks",
				);
				MACOSX_DEPLOYMENT_TARGET = 10.13;
				PRODUCT_BUNDLE_IDENTIFIER = "xyz.tavares.Nappa-tvOS";
				PRODUCT_NAME = Nappa;
				SDKROOT = appletvos;
				SKIP_INSTALL = YES;
				TARGETED_DEVICE_FAMILY = 3;
				TVOS_DEPLOYMENT_TARGET = 9.0;
				VERSIONING_SYSTEM = "apple-generic";
				WATCHOS_DEPLOYMENT_TARGET = 2.0;
			};
			name = Release;
		};
		D74FF66E4068B4DCE6461023 /* Debug */ = {
			isa = XCBuildConfiguration;
			buildSettings = {
				ALWAYS_EMBED_SWIFT_STANDARD_LIBRARIES = YES;
				CODE_SIGN_IDENTITY = "";
				COMBINE_HIDPI_IMAGES = YES;
				CURRENT_PROJECT_VERSION = 1;
				DEFINES_MODULE = YES;
				DYLIB_COMPATIBILITY_VERSION = 1;
				DYLIB_CURRENT_VERSION = 1;
				DYLIB_INSTALL_NAME_BASE = "@rpath";
				INSTALL_PATH = "$(LOCAL_LIBRARY_DIR)/Frameworks";
				LD_RUNPATH_SEARCH_PATHS = (
					"$(inherited)",
					"@executable_path/../Frameworks",
				);
				MACOSX_DEPLOYMENT_TARGET = 10.13;
				PRODUCT_BUNDLE_IDENTIFIER = "xyz.tavares.Nappa-macOS";
				PRODUCT_NAME = Nappa;
				SDKROOT = macosx;
				SKIP_INSTALL = YES;
				VERSIONING_SYSTEM = "apple-generic";
				WATCHOS_DEPLOYMENT_TARGET = 2.0;
			};
			name = Debug;
		};
		DD50021E69EFA859F27E66D4 /* Debug */ = {
			isa = XCBuildConfiguration;
			buildSettings = {
				ALWAYS_EMBED_SWIFT_STANDARD_LIBRARIES = YES;
				CODE_SIGN_IDENTITY = "";
				CURRENT_PROJECT_VERSION = 1;
				DEFINES_MODULE = YES;
				DYLIB_COMPATIBILITY_VERSION = 1;
				DYLIB_CURRENT_VERSION = 1;
				DYLIB_INSTALL_NAME_BASE = "@rpath";
				INSTALL_PATH = "$(LOCAL_LIBRARY_DIR)/Frameworks";
				LD_RUNPATH_SEARCH_PATHS = (
					"$(inherited)",
					"@executable_path/Frameworks",
				);
				MACOSX_DEPLOYMENT_TARGET = 10.13;
				PRODUCT_BUNDLE_IDENTIFIER = "xyz.tavares.Nappa-tvOS";
				PRODUCT_NAME = Nappa;
				SDKROOT = appletvos;
				SKIP_INSTALL = YES;
				TARGETED_DEVICE_FAMILY = 3;
				TVOS_DEPLOYMENT_TARGET = 9.0;
				VERSIONING_SYSTEM = "apple-generic";
				WATCHOS_DEPLOYMENT_TARGET = 2.0;
			};
			name = Debug;
		};
		E6447C123625154025017663 /* Release */ = {
			isa = XCBuildConfiguration;
			buildSettings = {
				ALWAYS_SEARCH_USER_PATHS = NO;
				CLANG_ANALYZER_NONNULL = YES;
				CLANG_ANALYZER_NUMBER_OBJECT_CONVERSION = YES_AGGRESSIVE;
				CLANG_CXX_LANGUAGE_STANDARD = "gnu++14";
				CLANG_CXX_LIBRARY = "libc++";
				CLANG_ENABLE_MODULES = YES;
				CLANG_ENABLE_OBJC_ARC = YES;
				CLANG_WARN_BLOCK_CAPTURE_AUTORELEASING = YES;
				CLANG_WARN_BOOL_CONVERSION = YES;
				CLANG_WARN_COMMA = YES;
				CLANG_WARN_CONSTANT_CONVERSION = YES;
				CLANG_WARN_DEPRECATED_OBJC_IMPLEMENTATIONS = YES;
				CLANG_WARN_DIRECT_OBJC_ISA_USAGE = YES_ERROR;
				CLANG_WARN_DOCUMENTATION_COMMENTS = YES;
				CLANG_WARN_EMPTY_BODY = YES;
				CLANG_WARN_ENUM_CONVERSION = YES;
				CLANG_WARN_INFINITE_RECURSION = YES;
				CLANG_WARN_INT_CONVERSION = YES;
				CLANG_WARN_NON_LITERAL_NULL_CONVERSION = YES;
				CLANG_WARN_OBJC_IMPLICIT_RETAIN_SELF = YES;
				CLANG_WARN_OBJC_LITERAL_CONVERSION = YES;
				CLANG_WARN_OBJC_ROOT_CLASS = YES_ERROR;
				CLANG_WARN_RANGE_LOOP_ANALYSIS = YES;
				CLANG_WARN_STRICT_PROTOTYPES = YES;
				CLANG_WARN_SUSPICIOUS_MOVE = YES;
				CLANG_WARN_UNGUARDED_AVAILABILITY = YES_AGGRESSIVE;
				CLANG_WARN_UNREACHABLE_CODE = YES;
				CLANG_WARN__DUPLICATE_METHOD_MATCH = YES;
				COPY_PHASE_STRIP = NO;
				DEBUG_INFORMATION_FORMAT = "dwarf-with-dsym";
				ENABLE_NS_ASSERTIONS = NO;
				ENABLE_STRICT_OBJC_MSGSEND = YES;
				GCC_C_LANGUAGE_STANDARD = gnu11;
				GCC_NO_COMMON_BLOCKS = YES;
				GCC_WARN_64_TO_32_BIT_CONVERSION = YES;
				GCC_WARN_ABOUT_RETURN_TYPE = YES_ERROR;
				GCC_WARN_UNDECLARED_SELECTOR = YES;
				GCC_WARN_UNINITIALIZED_AUTOS = YES_AGGRESSIVE;
				GCC_WARN_UNUSED_FUNCTION = YES;
				GCC_WARN_UNUSED_VARIABLE = YES;
				PRODUCT_NAME = "$(TARGET_NAME)";
				SWIFT_COMPILATION_MODE = wholemodule;
				SWIFT_VERSION = 5.0;
				VALIDATE_PRODUCT = YES;
			};
			name = Release;
		};
		FCEF0C46078BCE0149BF0336 /* Debug */ = {
			isa = XCBuildConfiguration;
			buildSettings = {
				BUNDLE_LOADER = "$(TEST_HOST)";
				LD_RUNPATH_SEARCH_PATHS = (
					"$(inherited)",
					"@executable_path/Frameworks",
					"@loader_path/Frameworks",
				);
				PRODUCT_BUNDLE_IDENTIFIER = "xyz.tavares.NappaTests-iOS";
				PRODUCT_NAME = NappaTests;
				SDKROOT = iphoneos;
				TARGETED_DEVICE_FAMILY = "1,2";
			};
			name = Debug;
		};
/* End XCBuildConfiguration section */

/* Begin XCConfigurationList section */
		0440FF5A18A7740F028F127F /* Build configuration list for PBXProject "Nappa" */ = {
			isa = XCConfigurationList;
			buildConfigurations = (
				3993ACDD8E8AC4F0D53ED242 /* Debug */,
				E6447C123625154025017663 /* Release */,
			);
			defaultConfigurationIsVisible = 0;
			defaultConfigurationName = Debug;
		};
		0FCED9CF59F3C0C53DAE17BA /* Build configuration list for PBXNativeTarget "Nappa_watchOS" */ = {
			isa = XCConfigurationList;
			buildConfigurations = (
				3E58606908AA034E30BF2FAA /* Debug */,
				C89B4DAAF947E4D905070A97 /* Release */,
			);
			defaultConfigurationIsVisible = 0;
			defaultConfigurationName = "";
		};
		53812B2B72754829FE106D01 /* Build configuration list for PBXNativeTarget "Nappa_iOS" */ = {
			isa = XCConfigurationList;
			buildConfigurations = (
				AF38A90B8E6D0E92423E7409 /* Debug */,
				7A7190EE85FFAE6FBFE94A38 /* Release */,
			);
			defaultConfigurationIsVisible = 0;
			defaultConfigurationName = "";
		};
		7B9EECCF8D625AD661820F65 /* Build configuration list for PBXNativeTarget "NappaTests_macOS" */ = {
			isa = XCConfigurationList;
			buildConfigurations = (
				09D8A0207F484F34D406B437 /* Debug */,
				6C0DDFE6560B297CE80EE9FC /* Release */,
			);
			defaultConfigurationIsVisible = 0;
			defaultConfigurationName = "";
		};
		8E22747E1787328C8BA1E7D8 /* Build configuration list for PBXNativeTarget "Nappa_macOS" */ = {
			isa = XCConfigurationList;
			buildConfigurations = (
				D74FF66E4068B4DCE6461023 /* Debug */,
				34CDCEBF326F7A66241BCF3D /* Release */,
			);
			defaultConfigurationIsVisible = 0;
			defaultConfigurationName = "";
		};
		95FE3E42893449F9B3DF035C /* Build configuration list for PBXNativeTarget "Nappa_tvOS" */ = {
			isa = XCConfigurationList;
			buildConfigurations = (
				DD50021E69EFA859F27E66D4 /* Debug */,
				D36914AE5C4821ED96FEB652 /* Release */,
			);
			defaultConfigurationIsVisible = 0;
			defaultConfigurationName = "";
		};
		D7E03E33ABA316536AC0E6B7 /* Build configuration list for PBXNativeTarget "NappaTests_tvOS" */ = {
			isa = XCConfigurationList;
			buildConfigurations = (
				735F075180ACFD0FB3D5D646 /* Debug */,
				ADF3A0BE78587844E13369C4 /* Release */,
			);
			defaultConfigurationIsVisible = 0;
			defaultConfigurationName = "";
		};
		D9B659580EDCEC1C01F84B38 /* Build configuration list for PBXNativeTarget "NappaTests_watchOS" */ = {
			isa = XCConfigurationList;
			buildConfigurations = (
				698BC2592B61D8A1CB66B0DF /* Debug */,
				CF31355F13D6DBB5A69480E0 /* Release */,
			);
			defaultConfigurationIsVisible = 0;
			defaultConfigurationName = "";
		};
		E890BDDB4C208AAD01987761 /* Build configuration list for PBXNativeTarget "NappaTests_iOS" */ = {
			isa = XCConfigurationList;
			buildConfigurations = (
				FCEF0C46078BCE0149BF0336 /* Debug */,
				37ED912C2FD2090F079F39B3 /* Release */,
			);
			defaultConfigurationIsVisible = 0;
			defaultConfigurationName = "";
		};
/* End XCConfigurationList section */

/* Begin XCRemoteSwiftPackageReference section */
		B63379E27D57BE7244EC3E56 /* XCRemoteSwiftPackageReference "Nimble" */ = {
			isa = XCRemoteSwiftPackageReference;
			repositoryURL = "https://github.com/Quick/Nimble";
			requirement = {
				kind = exactVersion;
				version = 8.0.2;
			};
		};
		CA62BE575BA8756CDE0E65E1 /* XCRemoteSwiftPackageReference "Quick" */ = {
			isa = XCRemoteSwiftPackageReference;
			repositoryURL = "https://github.com/Quick/Quick";
			requirement = {
				kind = upToNextMajorVersion;
				minimumVersion = 2.2.0;
			};
		};
/* End XCRemoteSwiftPackageReference section */

/* Begin XCSwiftPackageProductDependency section */
		0ADCA31DB607894F3407C4FF /* Nimble */ = {
			isa = XCSwiftPackageProductDependency;
			package = B63379E27D57BE7244EC3E56 /* XCRemoteSwiftPackageReference "Nimble" */;
			productName = Nimble;
		};
		22DB9C8A864339AE99D86F40 /* Nimble */ = {
			isa = XCSwiftPackageProductDependency;
			package = B63379E27D57BE7244EC3E56 /* XCRemoteSwiftPackageReference "Nimble" */;
			productName = Nimble;
		};
		4C1CD2FABF7D7F9B100E93F7 /* Quick */ = {
			isa = XCSwiftPackageProductDependency;
			package = CA62BE575BA8756CDE0E65E1 /* XCRemoteSwiftPackageReference "Quick" */;
			productName = Quick;
		};
		D5193DAA5BF22342BF7BA3E7 /* Nimble */ = {
			isa = XCSwiftPackageProductDependency;
			package = B63379E27D57BE7244EC3E56 /* XCRemoteSwiftPackageReference "Nimble" */;
			productName = Nimble;
		};
		D81EBFAB23E01443332DA745 /* Quick */ = {
			isa = XCSwiftPackageProductDependency;
			package = CA62BE575BA8756CDE0E65E1 /* XCRemoteSwiftPackageReference "Quick" */;
			productName = Quick;
		};
		D9436D08C3522E339BD74B22 /* Quick */ = {
			isa = XCSwiftPackageProductDependency;
			package = CA62BE575BA8756CDE0E65E1 /* XCRemoteSwiftPackageReference "Quick" */;
			productName = Quick;
		};
		E193290FA89F440B274F68A1 /* Nimble */ = {
			isa = XCSwiftPackageProductDependency;
			package = B63379E27D57BE7244EC3E56 /* XCRemoteSwiftPackageReference "Nimble" */;
			productName = Nimble;
		};
		EEDA363528B3BAA5F9321F4A /* Quick */ = {
			isa = XCSwiftPackageProductDependency;
			package = CA62BE575BA8756CDE0E65E1 /* XCRemoteSwiftPackageReference "Quick" */;
			productName = Quick;
		};
/* End XCSwiftPackageProductDependency section */
	};
	rootObject = 5828CB2C2625D78CC9A20DAC /* Project object */;
}
